// !$*UTF8*$!
{
	archiveVersion = 1;
	classes = {
	};
	objectVersion = 56;
	objects = {

/* Begin PBXBuildFile section */
		4F5E512E2979D8A40076BB0F /* AppDelegate.swift in Sources */ = {isa = PBXBuildFile; fileRef = 4F5E512D2979D8A40076BB0F /* AppDelegate.swift */; };
		4F5E51302979D8A40076BB0F /* SceneDelegate.swift in Sources */ = {isa = PBXBuildFile; fileRef = 4F5E512F2979D8A40076BB0F /* SceneDelegate.swift */; };
		4F5E51322979D8A40076BB0F /* ViewController.swift in Sources */ = {isa = PBXBuildFile; fileRef = 4F5E51312979D8A40076BB0F /* ViewController.swift */; };
		4F5E51352979D8A40076BB0F /* Main.storyboard in Resources */ = {isa = PBXBuildFile; fileRef = 4F5E51332979D8A40076BB0F /* Main.storyboard */; };
		4F5E51372979D8A50076BB0F /* Assets.xcassets in Resources */ = {isa = PBXBuildFile; fileRef = 4F5E51362979D8A50076BB0F /* Assets.xcassets */; };
		4F5E513A2979D8A50076BB0F /* LaunchScreen.storyboard in Resources */ = {isa = PBXBuildFile; fileRef = 4F5E51382979D8A50076BB0F /* LaunchScreen.storyboard */; };
		4F5E51422979E3DD0076BB0F /* AutoProtocol.swift in Sources */ = {isa = PBXBuildFile; fileRef = 4F5E51412979E3DD0076BB0F /* AutoProtocol.swift */; };
		4F5E51442979E4270076BB0F /* BMWx6.swift in Sources */ = {isa = PBXBuildFile; fileRef = 4F5E51432979E4270076BB0F /* BMWx6.swift */; };
		4F5E51462979E47A0076BB0F /* BMWDecorator.swift in Sources */ = {isa = PBXBuildFile; fileRef = 4F5E51452979E47A0076BB0F /* BMWDecorator.swift */; };
		4F5E514A2979E5630076BB0F /* Business.swift in Sources */ = {isa = PBXBuildFile; fileRef = 4F5E51492979E5630076BB0F /* Business.swift */; };
		4F5E514C2979E67C0076BB0F /* Premium.swift in Sources */ = {isa = PBXBuildFile; fileRef = 4F5E514B2979E67C0076BB0F /* Premium.swift */; };
/* End PBXBuildFile section */

/* Begin PBXFileReference section */
		4F5E512A2979D8A40076BB0F /* Decorator.app */ = {isa = PBXFileReference; explicitFileType = wrapper.application; includeInIndex = 0; path = Decorator.app; sourceTree = BUILT_PRODUCTS_DIR; };
		4F5E512D2979D8A40076BB0F /* AppDelegate.swift */ = {isa = PBXFileReference; lastKnownFileType = sourcecode.swift; path = AppDelegate.swift; sourceTree = "<group>"; };
		4F5E512F2979D8A40076BB0F /* SceneDelegate.swift */ = {isa = PBXFileReference; lastKnownFileType = sourcecode.swift; path = SceneDelegate.swift; sourceTree = "<group>"; };
		4F5E51312979D8A40076BB0F /* ViewController.swift */ = {isa = PBXFileReference; lastKnownFileType = sourcecode.swift; path = ViewController.swift; sourceTree = "<group>"; };
		4F5E51342979D8A40076BB0F /* Base */ = {isa = PBXFileReference; lastKnownFileType = file.storyboard; name = Base; path = Base.lproj/Main.storyboard; sourceTree = "<group>"; };
		4F5E51362979D8A50076BB0F /* Assets.xcassets */ = {isa = PBXFileReference; lastKnownFileType = folder.assetcatalog; path = Assets.xcassets; sourceTree = "<group>"; };
		4F5E51392979D8A50076BB0F /* Base */ = {isa = PBXFileReference; lastKnownFileType = file.storyboard; name = Base; path = Base.lproj/LaunchScreen.storyboard; sourceTree = "<group>"; };
		4F5E513B2979D8A50076BB0F /* Info.plist */ = {isa = PBXFileReference; lastKnownFileType = text.plist.xml; path = Info.plist; sourceTree = "<group>"; };
		4F5E51412979E3DD0076BB0F /* AutoProtocol.swift */ = {isa = PBXFileReference; lastKnownFileType = sourcecode.swift; path = AutoProtocol.swift; sourceTree = "<group>"; };
		4F5E51432979E4270076BB0F /* BMWx6.swift */ = {isa = PBXFileReference; lastKnownFileType = sourcecode.swift; path = BMWx6.swift; sourceTree = "<group>"; };
		4F5E51452979E47A0076BB0F /* BMWDecorator.swift */ = {isa = PBXFileReference; lastKnownFileType = sourcecode.swift; path = BMWDecorator.swift; sourceTree = "<group>"; };
		4F5E51492979E5630076BB0F /* Business.swift */ = {isa = PBXFileReference; lastKnownFileType = sourcecode.swift; path = Business.swift; sourceTree = "<group>"; };
		4F5E514B2979E67C0076BB0F /* Premium.swift */ = {isa = PBXFileReference; lastKnownFileType = sourcecode.swift; path = Premium.swift; sourceTree = "<group>"; };
/* End PBXFileReference section */

/* Begin PBXFrameworksBuildPhase section */
		4F5E51272979D8A40076BB0F /* Frameworks */ = {
			isa = PBXFrameworksBuildPhase;
			buildActionMask = 2147483647;
			files = (
			);
			runOnlyForDeploymentPostprocessing = 0;
		};
/* End PBXFrameworksBuildPhase section */

/* Begin PBXGroup section */
		4F5E51212979D8A30076BB0F = {
			isa = PBXGroup;
			children = (
				4F5E512C2979D8A40076BB0F /* Decorator */,
				4F5E512B2979D8A40076BB0F /* Products */,
			);
			sourceTree = "<group>";
		};
		4F5E512B2979D8A40076BB0F /* Products */ = {
			isa = PBXGroup;
			children = (
				4F5E512A2979D8A40076BB0F /* Decorator.app */,
			);
			name = Products;
			sourceTree = "<group>";
		};
		4F5E512C2979D8A40076BB0F /* Decorator */ = {
			isa = PBXGroup;
			children = (
				4F5E51482979E49E0076BB0F /* Decorator */,
				4F5E512D2979D8A40076BB0F /* AppDelegate.swift */,
				4F5E512F2979D8A40076BB0F /* SceneDelegate.swift */,
				4F5E51312979D8A40076BB0F /* ViewController.swift */,
				4F5E51472979E48E0076BB0F /* Auto */,
				4F5E51332979D8A40076BB0F /* Main.storyboard */,
				4F5E51362979D8A50076BB0F /* Assets.xcassets */,
				4F5E51382979D8A50076BB0F /* LaunchScreen.storyboard */,
				4F5E513B2979D8A50076BB0F /* Info.plist */,
			);
			path = Decorator;
			sourceTree = "<group>";
		};
		4F5E51472979E48E0076BB0F /* Auto */ = {
			isa = PBXGroup;
			children = (
				4F5E51412979E3DD0076BB0F /* AutoProtocol.swift */,
				4F5E51432979E4270076BB0F /* BMWx6.swift */,
			);
			path = Auto;
			sourceTree = "<group>";
		};
		4F5E51482979E49E0076BB0F /* Decorator */ = {
			isa = PBXGroup;
			children = (
				4F5E51452979E47A0076BB0F /* BMWDecorator.swift */,
				4F5E514B2979E67C0076BB0F /* Premium.swift */,
				4F5E51492979E5630076BB0F /* Business.swift */,
			);
			name = Decorator;
			sourceTree = "<group>";
		};
/* End PBXGroup section */

/* Begin PBXNativeTarget section */
		4F5E51292979D8A40076BB0F /* Decorator */ = {
			isa = PBXNativeTarget;
			buildConfigurationList = 4F5E513E2979D8A50076BB0F /* Build configuration list for PBXNativeTarget "Decorator" */;
			buildPhases = (
				4F5E51262979D8A40076BB0F /* Sources */,
				4F5E51272979D8A40076BB0F /* Frameworks */,
				4F5E51282979D8A40076BB0F /* Resources */,
			);
			buildRules = (
			);
			dependencies = (
			);
			name = Decorator;
			productName = Decorator;
			productReference = 4F5E512A2979D8A40076BB0F /* Decorator.app */;
			productType = "com.apple.product-type.application";
		};
/* End PBXNativeTarget section */

/* Begin PBXProject section */
		4F5E51222979D8A30076BB0F /* Project object */ = {
			isa = PBXProject;
			attributes = {
				BuildIndependentTargetsInParallel = 1;
				LastSwiftUpdateCheck = 1410;
				LastUpgradeCheck = 1410;
				TargetAttributes = {
					4F5E51292979D8A40076BB0F = {
						CreatedOnToolsVersion = 14.1;
					};
				};
			};
			buildConfigurationList = 4F5E51252979D8A30076BB0F /* Build configuration list for PBXProject "Decorator" */;
			compatibilityVersion = "Xcode 14.0";
			developmentRegion = en;
			hasScannedForEncodings = 0;
			knownRegions = (
				en,
				Base,
			);
			mainGroup = 4F5E51212979D8A30076BB0F;
			productRefGroup = 4F5E512B2979D8A40076BB0F /* Products */;
			projectDirPath = "";
			projectRoot = "";
			targets = (
				4F5E51292979D8A40076BB0F /* Decorator */,
			);
		};
/* End PBXProject section */

/* Begin PBXResourcesBuildPhase section */
		4F5E51282979D8A40076BB0F /* Resources */ = {
			isa = PBXResourcesBuildPhase;
			buildActionMask = 2147483647;
			files = (
				4F5E513A2979D8A50076BB0F /* LaunchScreen.storyboard in Resources */,
				4F5E51372979D8A50076BB0F /* Assets.xcassets in Resources */,
				4F5E51352979D8A40076BB0F /* Main.storyboard in Resources */,
			);
			runOnlyForDeploymentPostprocessing = 0;
		};
/* End PBXResourcesBuildPhase section */

/* Begin PBXSourcesBuildPhase section */
		4F5E51262979D8A40076BB0F /* Sources */ = {
			isa = PBXSourcesBuildPhase;
			buildActionMask = 2147483647;
			files = (
				4F5E51462979E47A0076BB0F /* BMWDecorator.swift in Sources */,
				4F5E51422979E3DD0076BB0F /* AutoProtocol.swift in Sources */,
				4F5E514A2979E5630076BB0F /* Business.swift in Sources */,
				4F5E51322979D8A40076BB0F /* ViewController.swift in Sources */,
				4F5E51442979E4270076BB0F /* BMWx6.swift in Sources */,
				4F5E512E2979D8A40076BB0F /* AppDelegate.swift in Sources */,
				4F5E51302979D8A40076BB0F /* SceneDelegate.swift in Sources */,
				4F5E514C2979E67C0076BB0F /* Premium.swift in Sources */,
			);
			runOnlyForDeploymentPostprocessing = 0;
		};
/* End PBXSourcesBuildPhase section */

/* Begin PBXVariantGroup section */
		4F5E51332979D8A40076BB0F /* Main.storyboard */ = {
			isa = PBXVariantGroup;
			children = (
				4F5E51342979D8A40076BB0F /* Base */,
			);
			name = Main.storyboard;
			sourceTree = "<group>";
		};
		4F5E51382979D8A50076BB0F /* LaunchScreen.storyboard */ = {
			isa = PBXVariantGroup;
			children = (
				4F5E51392979D8A50076BB0F /* Base */,
			);
			name = LaunchScreen.storyboard;
			sourceTree = "<group>";
		};
/* End PBXVariantGroup section */

/* Begin XCBuildConfiguration section */
		4F5E513C2979D8A50076BB0F /* Debug */ = {
			isa = XCBuildConfiguration;
			buildSettings = {
				ALWAYS_SEARCH_USER_PATHS = NO;
				CLANG_ANALYZER_NONNULL = YES;
				CLANG_ANALYZER_NUMBER_OBJECT_CONVERSION = YES_AGGRESSIVE;
				CLANG_CXX_LANGUAGE_STANDARD = "gnu++20";
				CLANG_ENABLE_MODULES = YES;
				CLANG_ENABLE_OBJC_ARC = YES;
				CLANG_ENABLE_OBJC_WEAK = YES;
				CLANG_WARN_BLOCK_CAPTURE_AUTORELEASING = YES;
				CLANG_WARN_BOOL_CONVERSION = YES;
				CLANG_WARN_COMMA = YES;
				CLANG_WARN_CONSTANT_CONVERSION = YES;
				CLANG_WARN_DEPRECATED_OBJC_IMPLEMENTATIONS = YES;
				CLANG_WARN_DIRECT_OBJC_ISA_USAGE = YES_ERROR;
				CLANG_WARN_DOCUMENTATION_COMMENTS = YES;
				CLANG_WARN_EMPTY_BODY = YES;
				CLANG_WARN_ENUM_CONVERSION = YES;
				CLANG_WARN_INFINITE_RECURSION = YES;
				CLANG_WARN_INT_CONVERSION = YES;
				CLANG_WARN_NON_LITERAL_NULL_CONVERSION = YES;
				CLANG_WARN_OBJC_IMPLICIT_RETAIN_SELF = YES;
				CLANG_WARN_OBJC_LITERAL_CONVERSION = YES;
				CLANG_WARN_OBJC_ROOT_CLASS = YES_ERROR;
				CLANG_WARN_QUOTED_INCLUDE_IN_FRAMEWORK_HEADER = YES;
				CLANG_WARN_RANGE_LOOP_ANALYSIS = YES;
				CLANG_WARN_STRICT_PROTOTYPES = YES;
				CLANG_WARN_SUSPICIOUS_MOVE = YES;
				CLANG_WARN_UNGUARDED_AVAILABILITY = YES_AGGRESSIVE;
				CLANG_WARN_UNREACHABLE_CODE = YES;
				CLANG_WARN__DUPLICATE_METHOD_MATCH = YES;
				COPY_PHASE_STRIP = NO;
				DEBUG_INFORMATION_FORMAT = dwarf;
				ENABLE_STRICT_OBJC_MSGSEND = YES;
				ENABLE_TESTABILITY = YES;
				GCC_C_LANGUAGE_STANDARD = gnu11;
				GCC_DYNAMIC_NO_PIC = NO;
				GCC_NO_COMMON_BLOCKS = YES;
				GCC_OPTIMIZATION_LEVEL = 0;
				GCC_PREPROCESSOR_DEFINITIONS = (
					"DEBUG=1",
					"$(inherited)",
				);
				GCC_WARN_64_TO_32_BIT_CONVERSION = YES;
				GCC_WARN_ABOUT_RETURN_TYPE = YES_ERROR;
				GCC_WARN_UNDECLARED_SELECTOR = YES;
				GCC_WARN_UNINITIALIZED_AUTOS = YES_AGGRESSIVE;
				GCC_WARN_UNUSED_FUNCTION = YES;
				GCC_WARN_UNUSED_VARIABLE = YES;
				IPHONEOS_DEPLOYMENT_TARGET = 16.1;
				MTL_ENABLE_DEBUG_INFO = INCLUDE_SOURCE;
				MTL_FAST_MATH = YES;
				ONLY_ACTIVE_ARCH = YES;
				SDKROOT = iphoneos;
				SWIFT_ACTIVE_COMPILATION_CONDITIONS = DEBUG;
				SWIFT_OPTIMIZATION_LEVEL = "-Onone";
			};
			name = Debug;
		};
		4F5E513D2979D8A50076BB0F /* Release */ = {
			isa = XCBuildConfiguration;
			buildSettings = {
				ALWAYS_SEARCH_USER_PATHS = NO;
				CLANG_ANALYZER_NONNULL = YES;
				CLANG_ANALYZER_NUMBER_OBJECT_CONVERSION = YES_AGGRESSIVE;
				CLANG_CXX_LANGUAGE_STANDARD = "gnu++20";
				CLANG_ENABLE_MODULES = YES;
				CLANG_ENABLE_OBJC_ARC = YES;
				CLANG_ENABLE_OBJC_WEAK = YES;
				CLANG_WARN_BLOCK_CAPTURE_AUTORELEASING = YES;
				CLANG_WARN_BOOL_CONVERSION = YES;
				CLANG_WARN_COMMA = YES;
				CLANG_WARN_CONSTANT_CONVERSION = YES;
				CLANG_WARN_DEPRECATED_OBJC_IMPLEMENTATIONS = YES;
				CLANG_WARN_DIRECT_OBJC_ISA_USAGE = YES_ERROR;
				CLANG_WARN_DOCUMENTATION_COMMENTS = YES;
				CLANG_WARN_EMPTY_BODY = YES;
				CLANG_WARN_ENUM_CONVERSION = YES;
				CLANG_WARN_INFINITE_RECURSION = YES;
				CLANG_WARN_INT_CONVERSION = YES;
				CLANG_WARN_NON_LITERAL_NULL_CONVERSION = YES;
				CLANG_WARN_OBJC_IMPLICIT_RETAIN_SELF = YES;
				CLANG_WARN_OBJC_LITERAL_CONVERSION = YES;
				CLANG_WARN_OBJC_ROOT_CLASS = YES_ERROR;
				CLANG_WARN_QUOTED_INCLUDE_IN_FRAMEWORK_HEADER = YES;
				CLANG_WARN_RANGE_LOOP_ANALYSIS = YES;
				CLANG_WARN_STRICT_PROTOTYPES = YES;
				CLANG_WARN_SUSPICIOUS_MOVE = YES;
				CLANG_WARN_UNGUARDED_AVAILABILITY = YES_AGGRESSIVE;
				CLANG_WARN_UNREACHABLE_CODE = YES;
				CLANG_WARN__DUPLICATE_METHOD_MATCH = YES;
				COPY_PHASE_STRIP = NO;
				DEBUG_INFORMATION_FORMAT = "dwarf-with-dsym";
				ENABLE_NS_ASSERTIONS = NO;
				ENABLE_STRICT_OBJC_MSGSEND = YES;
				GCC_C_LANGUAGE_STANDARD = gnu11;
				GCC_NO_COMMON_BLOCKS = YES;
				GCC_WARN_64_TO_32_BIT_CONVERSION = YES;
				GCC_WARN_ABOUT_RETURN_TYPE = YES_ERROR;
				GCC_WARN_UNDECLARED_SELECTOR = YES;
				GCC_WARN_UNINITIALIZED_AUTOS = YES_AGGRESSIVE;
				GCC_WARN_UNUSED_FUNCTION = YES;
				GCC_WARN_UNUSED_VARIABLE = YES;
				IPHONEOS_DEPLOYMENT_TARGET = 16.1;
				MTL_ENABLE_DEBUG_INFO = NO;
				MTL_FAST_MATH = YES;
				SDKROOT = iphoneos;
				SWIFT_COMPILATION_MODE = wholemodule;
				SWIFT_OPTIMIZATION_LEVEL = "-O";
				VALIDATE_PRODUCT = YES;
			};
			name = Release;
		};
		4F5E513F2979D8A50076BB0F /* Debug */ = {
			isa = XCBuildConfiguration;
			buildSettings = {
				ASSETCATALOG_COMPILER_APPICON_NAME = AppIcon;
				ASSETCATALOG_COMPILER_GLOBAL_ACCENT_COLOR_NAME = AccentColor;
				CODE_SIGN_STYLE = Automatic;
				CURRENT_PROJECT_VERSION = 1;
				DEVELOPMENT_TEAM = T2J52A8ZK4;
				GENERATE_INFOPLIST_FILE = YES;
				INFOPLIST_FILE = Decorator/Info.plist;
				INFOPLIST_KEY_UIApplicationSupportsIndirectInputEvents = YES;
				INFOPLIST_KEY_UILaunchStoryboardName = LaunchScreen;
				INFOPLIST_KEY_UIMainStoryboardFile = Main;
				INFOPLIST_KEY_UISupportedInterfaceOrientations_iPad = "UIInterfaceOrientationPortrait UIInterfaceOrientationPortraitUpsideDown UIInterfaceOrientationLandscapeLeft UIInterfaceOrientationLandscapeRight";
				INFOPLIST_KEY_UISupportedInterfaceOrientations_iPhone = "UIInterfaceOrientationPortrait UIInterfaceOrientationLandscapeLeft UIInterfaceOrientationLandscapeRight";
				LD_RUNPATH_SEARCH_PATHS = (
					"$(inherited)",
					"@executable_path/Frameworks",
				);
				MARKETING_VERSION = 1.0;
				PRODUCT_BUNDLE_IDENTIFIER = home.Decorator;
				PRODUCT_NAME = "$(TARGET_NAME)";
				SWIFT_EMIT_LOC_STRINGS = YES;
				SWIFT_VERSION = 5.0;
				TARGETED_DEVICE_FAMILY = "1,2";
			};
			name = Debug;
		};
		4F5E51402979D8A50076BB0F /* Release */ = {
			isa = XCBuildConfiguration;
			buildSettings = {
				ASSETCATALOG_COMPILER_APPICON_NAME = AppIcon;
				ASSETCATALOG_COMPILER_GLOBAL_ACCENT_COLOR_NAME = AccentColor;
				CODE_SIGN_STYLE = Automatic;
				CURRENT_PROJECT_VERSION = 1;
				DEVELOPMENT_TEAM = T2J52A8ZK4;
				GENERATE_INFOPLIST_FILE = YES;
				INFOPLIST_FILE = Decorator/Info.plist;
				INFOPLIST_KEY_UIApplicationSupportsIndirectInputEvents = YES;
				INFOPLIST_KEY_UILaunchStoryboardName = LaunchScreen;
				INFOPLIST_KEY_UIMainStoryboardFile = Main;
				INFOPLIST_KEY_UISupportedInterfaceOrientations_iPad = "UIInterfaceOrientationPortrait UIInterfaceOrientationPortraitUpsideDown UIInterfaceOrientationLandscapeLeft UIInterfaceOrientationLandscapeRight";
				INFOPLIST_KEY_UISupportedInterfaceOrientations_iPhone = "UIInterfaceOrientationPortrait UIInterfaceOrientationLandscapeLeft UIInterfaceOrientationLandscapeRight";
				LD_RUNPATH_SEARCH_PATHS = (
					"$(inherited)",
					"@executable_path/Frameworks",
				);
				MARKETING_VERSION = 1.0;
				PRODUCT_BUNDLE_IDENTIFIER = home.Decorator;
				PRODUCT_NAME = "$(TARGET_NAME)";
				SWIFT_EMIT_LOC_STRINGS = YES;
				SWIFT_VERSION = 5.0;
				TARGETED_DEVICE_FAMILY = "1,2";
			};
			name = Release;
		};
/* End XCBuildConfiguration section */

/* Begin XCConfigurationList section */
		4F5E51252979D8A30076BB0F /* Build configuration list for PBXProject "Decorator" */ = {
			isa = XCConfigurationList;
			buildConfigurations = (
				4F5E513C2979D8A50076BB0F /* Debug */,
				4F5E513D2979D8A50076BB0F /* Release */,
			);
			defaultConfigurationIsVisible = 0;
			defaultConfigurationName = Release;
		};
		4F5E513E2979D8A50076BB0F /* Build configuration list for PBXNativeTarget "Decorator" */ = {
			isa = XCConfigurationList;
			buildConfigurations = (
				4F5E513F2979D8A50076BB0F /* Debug */,
				4F5E51402979D8A50076BB0F /* Release */,
			);
			defaultConfigurationIsVisible = 0;
			defaultConfigurationName = Release;
		};
/* End XCConfigurationList section */
	};
	rootObject = 4F5E51222979D8A30076BB0F /* Project object */;
}
