// !$*UTF8*$!
{
	archiveVersion = 1;
	classes = {
	};
	objectVersion = 56;
	objects = {

/* Begin PBXBuildFile section */
		4FFDE7152979F20A00A45213 /* AppDelegate.swift in Sources */ = {isa = PBXBuildFile; fileRef = 4FFDE7142979F20A00A45213 /* AppDelegate.swift */; };
		4FFDE7172979F20A00A45213 /* SceneDelegate.swift in Sources */ = {isa = PBXBuildFile; fileRef = 4FFDE7162979F20A00A45213 /* SceneDelegate.swift */; };
		4FFDE7192979F20A00A45213 /* ViewController.swift in Sources */ = {isa = PBXBuildFile; fileRef = 4FFDE7182979F20A00A45213 /* ViewController.swift */; };
		4FFDE71C2979F20A00A45213 /* Main.storyboard in Resources */ = {isa = PBXBuildFile; fileRef = 4FFDE71A2979F20A00A45213 /* Main.storyboard */; };
		4FFDE71E2979F20B00A45213 /* Assets.xcassets in Resources */ = {isa = PBXBuildFile; fileRef = 4FFDE71D2979F20B00A45213 /* Assets.xcassets */; };
		4FFDE7212979F20B00A45213 /* LaunchScreen.storyboard in Resources */ = {isa = PBXBuildFile; fileRef = 4FFDE71F2979F20B00A45213 /* LaunchScreen.storyboard */; };
		4FFDE7292979F33500A45213 /* DetailViewController.swift in Sources */ = {isa = PBXBuildFile; fileRef = 4FFDE7282979F33500A45213 /* DetailViewController.swift */; };
		4FFDE72B2979F3D300A45213 /* LoadServiceProtocol.swift in Sources */ = {isa = PBXBuildFile; fileRef = 4FFDE72A2979F3D300A45213 /* LoadServiceProtocol.swift */; };
		4FFDE72D2979F43400A45213 /* ImageLoader.swift in Sources */ = {isa = PBXBuildFile; fileRef = 4FFDE72C2979F43400A45213 /* ImageLoader.swift */; };
		4FFDE72F2979F4EC00A45213 /* Proxy.swift in Sources */ = {isa = PBXBuildFile; fileRef = 4FFDE72E2979F4EC00A45213 /* Proxy.swift */; };
/* End PBXBuildFile section */

/* Begin PBXFileReference section */
		4FFDE7112979F20A00A45213 /* Proxy.app */ = {isa = PBXFileReference; explicitFileType = wrapper.application; includeInIndex = 0; path = Proxy.app; sourceTree = BUILT_PRODUCTS_DIR; };
		4FFDE7142979F20A00A45213 /* AppDelegate.swift */ = {isa = PBXFileReference; lastKnownFileType = sourcecode.swift; path = AppDelegate.swift; sourceTree = "<group>"; };
		4FFDE7162979F20A00A45213 /* SceneDelegate.swift */ = {isa = PBXFileReference; lastKnownFileType = sourcecode.swift; path = SceneDelegate.swift; sourceTree = "<group>"; };
		4FFDE7182979F20A00A45213 /* ViewController.swift */ = {isa = PBXFileReference; lastKnownFileType = sourcecode.swift; path = ViewController.swift; sourceTree = "<group>"; };
		4FFDE71B2979F20A00A45213 /* Base */ = {isa = PBXFileReference; lastKnownFileType = file.storyboard; name = Base; path = Base.lproj/Main.storyboard; sourceTree = "<group>"; };
		4FFDE71D2979F20B00A45213 /* Assets.xcassets */ = {isa = PBXFileReference; lastKnownFileType = folder.assetcatalog; path = Assets.xcassets; sourceTree = "<group>"; };
		4FFDE7202979F20B00A45213 /* Base */ = {isa = PBXFileReference; lastKnownFileType = file.storyboard; name = Base; path = Base.lproj/LaunchScreen.storyboard; sourceTree = "<group>"; };
		4FFDE7222979F20B00A45213 /* Info.plist */ = {isa = PBXFileReference; lastKnownFileType = text.plist.xml; path = Info.plist; sourceTree = "<group>"; };
		4FFDE7282979F33500A45213 /* DetailViewController.swift */ = {isa = PBXFileReference; lastKnownFileType = sourcecode.swift; path = DetailViewController.swift; sourceTree = "<group>"; };
		4FFDE72A2979F3D300A45213 /* LoadServiceProtocol.swift */ = {isa = PBXFileReference; lastKnownFileType = sourcecode.swift; path = LoadServiceProtocol.swift; sourceTree = "<group>"; };
		4FFDE72C2979F43400A45213 /* ImageLoader.swift */ = {isa = PBXFileReference; lastKnownFileType = sourcecode.swift; path = ImageLoader.swift; sourceTree = "<group>"; };
		4FFDE72E2979F4EC00A45213 /* Proxy.swift */ = {isa = PBXFileReference; lastKnownFileType = sourcecode.swift; path = Proxy.swift; sourceTree = "<group>"; };
/* End PBXFileReference section */

/* Begin PBXFrameworksBuildPhase section */
		4FFDE70E2979F20A00A45213 /* Frameworks */ = {
			isa = PBXFrameworksBuildPhase;
			buildActionMask = 2147483647;
			files = (
			);
			runOnlyForDeploymentPostprocessing = 0;
		};
/* End PBXFrameworksBuildPhase section */

/* Begin PBXGroup section */
		4FFDE7082979F20A00A45213 = {
			isa = PBXGroup;
			children = (
				4FFDE7132979F20A00A45213 /* Proxy */,
				4FFDE7122979F20A00A45213 /* Products */,
			);
			sourceTree = "<group>";
		};
		4FFDE7122979F20A00A45213 /* Products */ = {
			isa = PBXGroup;
			children = (
				4FFDE7112979F20A00A45213 /* Proxy.app */,
			);
			name = Products;
			sourceTree = "<group>";
		};
		4FFDE7132979F20A00A45213 /* Proxy */ = {
			isa = PBXGroup;
			children = (
				4FFDE72E2979F4EC00A45213 /* Proxy.swift */,
				4FFDE7302979F9F000A45213 /* ServiceImage */,
				4FFDE7142979F20A00A45213 /* AppDelegate.swift */,
				4FFDE7182979F20A00A45213 /* ViewController.swift */,
				4FFDE7282979F33500A45213 /* DetailViewController.swift */,
				4FFDE7162979F20A00A45213 /* SceneDelegate.swift */,
				4FFDE71A2979F20A00A45213 /* Main.storyboard */,
				4FFDE71D2979F20B00A45213 /* Assets.xcassets */,
				4FFDE71F2979F20B00A45213 /* LaunchScreen.storyboard */,
				4FFDE7222979F20B00A45213 /* Info.plist */,
			);
			path = Proxy;
			sourceTree = "<group>";
		};
		4FFDE7302979F9F000A45213 /* ServiceImage */ = {
			isa = PBXGroup;
			children = (
				4FFDE72A2979F3D300A45213 /* LoadServiceProtocol.swift */,
				4FFDE72C2979F43400A45213 /* ImageLoader.swift */,
			);
			path = ServiceImage;
			sourceTree = "<group>";
		};
/* End PBXGroup section */

/* Begin PBXNativeTarget section */
		4FFDE7102979F20A00A45213 /* Proxy */ = {
			isa = PBXNativeTarget;
			buildConfigurationList = 4FFDE7252979F20B00A45213 /* Build configuration list for PBXNativeTarget "Proxy" */;
			buildPhases = (
				4FFDE70D2979F20A00A45213 /* Sources */,
				4FFDE70E2979F20A00A45213 /* Frameworks */,
				4FFDE70F2979F20A00A45213 /* Resources */,
			);
			buildRules = (
			);
			dependencies = (
			);
			name = Proxy;
			productName = Proxy;
			productReference = 4FFDE7112979F20A00A45213 /* Proxy.app */;
			productType = "com.apple.product-type.application";
		};
/* End PBXNativeTarget section */

/* Begin PBXProject section */
		4FFDE7092979F20A00A45213 /* Project object */ = {
			isa = PBXProject;
			attributes = {
				BuildIndependentTargetsInParallel = 1;
				LastSwiftUpdateCheck = 1410;
				LastUpgradeCheck = 1410;
				TargetAttributes = {
					4FFDE7102979F20A00A45213 = {
						CreatedOnToolsVersion = 14.1;
					};
				};
			};
			buildConfigurationList = 4FFDE70C2979F20A00A45213 /* Build configuration list for PBXProject "Proxy" */;
			compatibilityVersion = "Xcode 14.0";
			developmentRegion = en;
			hasScannedForEncodings = 0;
			knownRegions = (
				en,
				Base,
			);
			mainGroup = 4FFDE7082979F20A00A45213;
			productRefGroup = 4FFDE7122979F20A00A45213 /* Products */;
			projectDirPath = "";
			projectRoot = "";
			targets = (
				4FFDE7102979F20A00A45213 /* Proxy */,
			);
		};
/* End PBXProject section */

/* Begin PBXResourcesBuildPhase section */
		4FFDE70F2979F20A00A45213 /* Resources */ = {
			isa = PBXResourcesBuildPhase;
			buildActionMask = 2147483647;
			files = (
				4FFDE7212979F20B00A45213 /* LaunchScreen.storyboard in Resources */,
				4FFDE71E2979F20B00A45213 /* Assets.xcassets in Resources */,
				4FFDE71C2979F20A00A45213 /* Main.storyboard in Resources */,
			);
			runOnlyForDeploymentPostprocessing = 0;
		};
/* End PBXResourcesBuildPhase section */

/* Begin PBXSourcesBuildPhase section */
		4FFDE70D2979F20A00A45213 /* Sources */ = {
			isa = PBXSourcesBuildPhase;
			buildActionMask = 2147483647;
			files = (
				4FFDE7192979F20A00A45213 /* ViewController.swift in Sources */,
				4FFDE72B2979F3D300A45213 /* LoadServiceProtocol.swift in Sources */,
				4FFDE72D2979F43400A45213 /* ImageLoader.swift in Sources */,
				4FFDE72F2979F4EC00A45213 /* Proxy.swift in Sources */,
				4FFDE7152979F20A00A45213 /* AppDelegate.swift in Sources */,
				4FFDE7172979F20A00A45213 /* SceneDelegate.swift in Sources */,
				4FFDE7292979F33500A45213 /* DetailViewController.swift in Sources */,
			);
			runOnlyForDeploymentPostprocessing = 0;
		};
/* End PBXSourcesBuildPhase section */

/* Begin PBXVariantGroup section */
		4FFDE71A2979F20A00A45213 /* Main.storyboard */ = {
			isa = PBXVariantGroup;
			children = (
				4FFDE71B2979F20A00A45213 /* Base */,
			);
			name = Main.storyboard;
			sourceTree = "<group>";
		};
		4FFDE71F2979F20B00A45213 /* LaunchScreen.storyboard */ = {
			isa = PBXVariantGroup;
			children = (
				4FFDE7202979F20B00A45213 /* Base */,
			);
			name = LaunchScreen.storyboard;
			sourceTree = "<group>";
		};
/* End PBXVariantGroup section */

/* Begin XCBuildConfiguration section */
		4FFDE7232979F20B00A45213 /* Debug */ = {
			isa = XCBuildConfiguration;
			buildSettings = {
				ALWAYS_SEARCH_USER_PATHS = NO;
				CLANG_ANALYZER_NONNULL = YES;
				CLANG_ANALYZER_NUMBER_OBJECT_CONVERSION = YES_AGGRESSIVE;
				CLANG_CXX_LANGUAGE_STANDARD = "gnu++20";
				CLANG_ENABLE_MODULES = YES;
				CLANG_ENABLE_OBJC_ARC = YES;
				CLANG_ENABLE_OBJC_WEAK = YES;
				CLANG_WARN_BLOCK_CAPTURE_AUTORELEASING = YES;
				CLANG_WARN_BOOL_CONVERSION = YES;
				CLANG_WARN_COMMA = YES;
				CLANG_WARN_CONSTANT_CONVERSION = YES;
				CLANG_WARN_DEPRECATED_OBJC_IMPLEMENTATIONS = YES;
				CLANG_WARN_DIRECT_OBJC_ISA_USAGE = YES_ERROR;
				CLANG_WARN_DOCUMENTATION_COMMENTS = YES;
				CLANG_WARN_EMPTY_BODY = YES;
				CLANG_WARN_ENUM_CONVERSION = YES;
				CLANG_WARN_INFINITE_RECURSION = YES;
				CLANG_WARN_INT_CONVERSION = YES;
				CLANG_WARN_NON_LITERAL_NULL_CONVERSION = YES;
				CLANG_WARN_OBJC_IMPLICIT_RETAIN_SELF = YES;
				CLANG_WARN_OBJC_LITERAL_CONVERSION = YES;
				CLANG_WARN_OBJC_ROOT_CLASS = YES_ERROR;
				CLANG_WARN_QUOTED_INCLUDE_IN_FRAMEWORK_HEADER = YES;
				CLANG_WARN_RANGE_LOOP_ANALYSIS = YES;
				CLANG_WARN_STRICT_PROTOTYPES = YES;
				CLANG_WARN_SUSPICIOUS_MOVE = YES;
				CLANG_WARN_UNGUARDED_AVAILABILITY = YES_AGGRESSIVE;
				CLANG_WARN_UNREACHABLE_CODE = YES;
				CLANG_WARN__DUPLICATE_METHOD_MATCH = YES;
				COPY_PHASE_STRIP = NO;
				DEBUG_INFORMATION_FORMAT = dwarf;
				ENABLE_STRICT_OBJC_MSGSEND = YES;
				ENABLE_TESTABILITY = YES;
				GCC_C_LANGUAGE_STANDARD = gnu11;
				GCC_DYNAMIC_NO_PIC = NO;
				GCC_NO_COMMON_BLOCKS = YES;
				GCC_OPTIMIZATION_LEVEL = 0;
				GCC_PREPROCESSOR_DEFINITIONS = (
					"DEBUG=1",
					"$(inherited)",
				);
				GCC_WARN_64_TO_32_BIT_CONVERSION = YES;
				GCC_WARN_ABOUT_RETURN_TYPE = YES_ERROR;
				GCC_WARN_UNDECLARED_SELECTOR = YES;
				GCC_WARN_UNINITIALIZED_AUTOS = YES_AGGRESSIVE;
				GCC_WARN_UNUSED_FUNCTION = YES;
				GCC_WARN_UNUSED_VARIABLE = YES;
				IPHONEOS_DEPLOYMENT_TARGET = 16.1;
				MTL_ENABLE_DEBUG_INFO = INCLUDE_SOURCE;
				MTL_FAST_MATH = YES;
				ONLY_ACTIVE_ARCH = YES;
				SDKROOT = iphoneos;
				SWIFT_ACTIVE_COMPILATION_CONDITIONS = DEBUG;
				SWIFT_OPTIMIZATION_LEVEL = "-Onone";
			};
			name = Debug;
		};
		4FFDE7242979F20B00A45213 /* Release */ = {
			isa = XCBuildConfiguration;
			buildSettings = {
				ALWAYS_SEARCH_USER_PATHS = NO;
				CLANG_ANALYZER_NONNULL = YES;
				CLANG_ANALYZER_NUMBER_OBJECT_CONVERSION = YES_AGGRESSIVE;
				CLANG_CXX_LANGUAGE_STANDARD = "gnu++20";
				CLANG_ENABLE_MODULES = YES;
				CLANG_ENABLE_OBJC_ARC = YES;
				CLANG_ENABLE_OBJC_WEAK = YES;
				CLANG_WARN_BLOCK_CAPTURE_AUTORELEASING = YES;
				CLANG_WARN_BOOL_CONVERSION = YES;
				CLANG_WARN_COMMA = YES;
				CLANG_WARN_CONSTANT_CONVERSION = YES;
				CLANG_WARN_DEPRECATED_OBJC_IMPLEMENTATIONS = YES;
				CLANG_WARN_DIRECT_OBJC_ISA_USAGE = YES_ERROR;
				CLANG_WARN_DOCUMENTATION_COMMENTS = YES;
				CLANG_WARN_EMPTY_BODY = YES;
				CLANG_WARN_ENUM_CONVERSION = YES;
				CLANG_WARN_INFINITE_RECURSION = YES;
				CLANG_WARN_INT_CONVERSION = YES;
				CLANG_WARN_NON_LITERAL_NULL_CONVERSION = YES;
				CLANG_WARN_OBJC_IMPLICIT_RETAIN_SELF = YES;
				CLANG_WARN_OBJC_LITERAL_CONVERSION = YES;
				CLANG_WARN_OBJC_ROOT_CLASS = YES_ERROR;
				CLANG_WARN_QUOTED_INCLUDE_IN_FRAMEWORK_HEADER = YES;
				CLANG_WARN_RANGE_LOOP_ANALYSIS = YES;
				CLANG_WARN_STRICT_PROTOTYPES = YES;
				CLANG_WARN_SUSPICIOUS_MOVE = YES;
				CLANG_WARN_UNGUARDED_AVAILABILITY = YES_AGGRESSIVE;
				CLANG_WARN_UNREACHABLE_CODE = YES;
				CLANG_WARN__DUPLICATE_METHOD_MATCH = YES;
				COPY_PHASE_STRIP = NO;
				DEBUG_INFORMATION_FORMAT = "dwarf-with-dsym";
				ENABLE_NS_ASSERTIONS = NO;
				ENABLE_STRICT_OBJC_MSGSEND = YES;
				GCC_C_LANGUAGE_STANDARD = gnu11;
				GCC_NO_COMMON_BLOCKS = YES;
				GCC_WARN_64_TO_32_BIT_CONVERSION = YES;
				GCC_WARN_ABOUT_RETURN_TYPE = YES_ERROR;
				GCC_WARN_UNDECLARED_SELECTOR = YES;
				GCC_WARN_UNINITIALIZED_AUTOS = YES_AGGRESSIVE;
				GCC_WARN_UNUSED_FUNCTION = YES;
				GCC_WARN_UNUSED_VARIABLE = YES;
				IPHONEOS_DEPLOYMENT_TARGET = 16.1;
				MTL_ENABLE_DEBUG_INFO = NO;
				MTL_FAST_MATH = YES;
				SDKROOT = iphoneos;
				SWIFT_COMPILATION_MODE = wholemodule;
				SWIFT_OPTIMIZATION_LEVEL = "-O";
				VALIDATE_PRODUCT = YES;
			};
			name = Release;
		};
		4FFDE7262979F20B00A45213 /* Debug */ = {
			isa = XCBuildConfiguration;
			buildSettings = {
				ASSETCATALOG_COMPILER_APPICON_NAME = AppIcon;
				ASSETCATALOG_COMPILER_GLOBAL_ACCENT_COLOR_NAME = AccentColor;
				CODE_SIGN_STYLE = Automatic;
				CURRENT_PROJECT_VERSION = 1;
				DEVELOPMENT_TEAM = T2J52A8ZK4;
				GENERATE_INFOPLIST_FILE = YES;
				INFOPLIST_FILE = Proxy/Info.plist;
				INFOPLIST_KEY_UIApplicationSupportsIndirectInputEvents = YES;
				INFOPLIST_KEY_UILaunchStoryboardName = LaunchScreen;
				INFOPLIST_KEY_UIMainStoryboardFile = Main;
				INFOPLIST_KEY_UISupportedInterfaceOrientations_iPad = "UIInterfaceOrientationPortrait UIInterfaceOrientationPortraitUpsideDown UIInterfaceOrientationLandscapeLeft UIInterfaceOrientationLandscapeRight";
				INFOPLIST_KEY_UISupportedInterfaceOrientations_iPhone = "UIInterfaceOrientationPortrait UIInterfaceOrientationLandscapeLeft UIInterfaceOrientationLandscapeRight";
				LD_RUNPATH_SEARCH_PATHS = (
					"$(inherited)",
					"@executable_path/Frameworks",
				);
				MARKETING_VERSION = 1.0;
				PRODUCT_BUNDLE_IDENTIFIER = home.Proxy;
				PRODUCT_NAME = "$(TARGET_NAME)";
				SWIFT_EMIT_LOC_STRINGS = YES;
				SWIFT_VERSION = 5.0;
				TARGETED_DEVICE_FAMILY = "1,2";
			};
			name = Debug;
		};
		4FFDE7272979F20B00A45213 /* Release */ = {
			isa = XCBuildConfiguration;
			buildSettings = {
				ASSETCATALOG_COMPILER_APPICON_NAME = AppIcon;
				ASSETCATALOG_COMPILER_GLOBAL_ACCENT_COLOR_NAME = AccentColor;
				CODE_SIGN_STYLE = Automatic;
				CURRENT_PROJECT_VERSION = 1;
				DEVELOPMENT_TEAM = T2J52A8ZK4;
				GENERATE_INFOPLIST_FILE = YES;
				INFOPLIST_FILE = Proxy/Info.plist;
				INFOPLIST_KEY_UIApplicationSupportsIndirectInputEvents = YES;
				INFOPLIST_KEY_UILaunchStoryboardName = LaunchScreen;
				INFOPLIST_KEY_UIMainStoryboardFile = Main;
				INFOPLIST_KEY_UISupportedInterfaceOrientations_iPad = "UIInterfaceOrientationPortrait UIInterfaceOrientationPortraitUpsideDown UIInterfaceOrientationLandscapeLeft UIInterfaceOrientationLandscapeRight";
				INFOPLIST_KEY_UISupportedInterfaceOrientations_iPhone = "UIInterfaceOrientationPortrait UIInterfaceOrientationLandscapeLeft UIInterfaceOrientationLandscapeRight";
				LD_RUNPATH_SEARCH_PATHS = (
					"$(inherited)",
					"@executable_path/Frameworks",
				);
				MARKETING_VERSION = 1.0;
				PRODUCT_BUNDLE_IDENTIFIER = home.Proxy;
				PRODUCT_NAME = "$(TARGET_NAME)";
				SWIFT_EMIT_LOC_STRINGS = YES;
				SWIFT_VERSION = 5.0;
				TARGETED_DEVICE_FAMILY = "1,2";
			};
			name = Release;
		};
/* End XCBuildConfiguration section */

/* Begin XCConfigurationList section */
		4FFDE70C2979F20A00A45213 /* Build configuration list for PBXProject "Proxy" */ = {
			isa = XCConfigurationList;
			buildConfigurations = (
				4FFDE7232979F20B00A45213 /* Debug */,
				4FFDE7242979F20B00A45213 /* Release */,
			);
			defaultConfigurationIsVisible = 0;
			defaultConfigurationName = Release;
		};
		4FFDE7252979F20B00A45213 /* Build configuration list for PBXNativeTarget "Proxy" */ = {
			isa = XCConfigurationList;
			buildConfigurations = (
				4FFDE7262979F20B00A45213 /* Debug */,
				4FFDE7272979F20B00A45213 /* Release */,
			);
			defaultConfigurationIsVisible = 0;
			defaultConfigurationName = Release;
		};
/* End XCConfigurationList section */
	};
	rootObject = 4FFDE7092979F20A00A45213 /* Project object */;
}
