// !$*UTF8*$!
{
	archiveVersion = 1;
	classes = {
	};
	objectVersion = 56;
	objects = {

/* Begin PBXBuildFile section */
		4F03FA582992BDCC0005A751 /* CombineLessonsPublishersApp.swift in Sources */ = {isa = PBXBuildFile; fileRef = 4F03FA572992BDCC0005A751 /* CombineLessonsPublishersApp.swift */; };
		4F03FA5C2992BDCD0005A751 /* Assets.xcassets in Resources */ = {isa = PBXBuildFile; fileRef = 4F03FA5B2992BDCD0005A751 /* Assets.xcassets */; };
		4F03FA5F2992BDCD0005A751 /* Preview Assets.xcassets in Resources */ = {isa = PBXBuildFile; fileRef = 4F03FA5E2992BDCD0005A751 /* Preview Assets.xcassets */; };
		4F03FA672993A27D0005A751 /* PublishedMapAssign.swift in Sources */ = {isa = PBXBuildFile; fileRef = 4F03FA662993A27D0005A751 /* PublishedMapAssign.swift */; };
		4F03FA6A2993A48D0005A751 /* AnyCancellableSinkDelay.swift in Sources */ = {isa = PBXBuildFile; fileRef = 4F03FA692993A48D0005A751 /* AnyCancellableSinkDelay.swift */; };
/* End PBXBuildFile section */

/* Begin PBXFileReference section */
		4F03FA542992BDCC0005A751 /* CombineLessonsPublishers.app */ = {isa = PBXFileReference; explicitFileType = wrapper.application; includeInIndex = 0; path = CombineLessonsPublishers.app; sourceTree = BUILT_PRODUCTS_DIR; };
		4F03FA572992BDCC0005A751 /* CombineLessonsPublishersApp.swift */ = {isa = PBXFileReference; lastKnownFileType = sourcecode.swift; path = CombineLessonsPublishersApp.swift; sourceTree = "<group>"; };
		4F03FA5B2992BDCD0005A751 /* Assets.xcassets */ = {isa = PBXFileReference; lastKnownFileType = folder.assetcatalog; path = Assets.xcassets; sourceTree = "<group>"; };
		4F03FA5E2992BDCD0005A751 /* Preview Assets.xcassets */ = {isa = PBXFileReference; lastKnownFileType = folder.assetcatalog; path = "Preview Assets.xcassets"; sourceTree = "<group>"; };
		4F03FA662993A27D0005A751 /* PublishedMapAssign.swift */ = {isa = PBXFileReference; lastKnownFileType = sourcecode.swift; path = PublishedMapAssign.swift; sourceTree = "<group>"; };
		4F03FA692993A48D0005A751 /* AnyCancellableSinkDelay.swift */ = {isa = PBXFileReference; lastKnownFileType = sourcecode.swift; path = AnyCancellableSinkDelay.swift; sourceTree = "<group>"; };
/* End PBXFileReference section */

/* Begin PBXFrameworksBuildPhase section */
		4F03FA512992BDCC0005A751 /* Frameworks */ = {
			isa = PBXFrameworksBuildPhase;
			buildActionMask = 2147483647;
			files = (
			);
			runOnlyForDeploymentPostprocessing = 0;
		};
/* End PBXFrameworksBuildPhase section */

/* Begin PBXGroup section */
		4F03FA4B2992BDCC0005A751 = {
			isa = PBXGroup;
			children = (
				4F03FA562992BDCC0005A751 /* CombineLessonsPublishers */,
				4F03FA552992BDCC0005A751 /* Products */,
			);
			sourceTree = "<group>";
		};
		4F03FA552992BDCC0005A751 /* Products */ = {
			isa = PBXGroup;
			children = (
				4F03FA542992BDCC0005A751 /* CombineLessonsPublishers.app */,
			);
			name = Products;
			sourceTree = "<group>";
		};
		4F03FA562992BDCC0005A751 /* CombineLessonsPublishers */ = {
			isa = PBXGroup;
			children = (
				4F03FA652992BDF40005A751 /* Lesson 1 */,
				4F03FA572992BDCC0005A751 /* CombineLessonsPublishersApp.swift */,
				4F03FA682993A4570005A751 /* Lesson 2 */,
				4F03FA6B2993A7A00005A751 /* Lesson 3 */,
				4F03FA5D2992BDCD0005A751 /* Preview Content */,
			);
			path = CombineLessonsPublishers;
			sourceTree = "<group>";
		};
		4F03FA5D2992BDCD0005A751 /* Preview Content */ = {
			isa = PBXGroup;
			children = (
				4F03FA5E2992BDCD0005A751 /* Preview Assets.xcassets */,
			);
			path = "Preview Content";
			sourceTree = "<group>";
		};
		4F03FA652992BDF40005A751 /* Lesson 1 */ = {
			isa = PBXGroup;
			children = (
				4F03FA662993A27D0005A751 /* PublishedMapAssign.swift */,
			);
			path = "Lesson 1";
			sourceTree = "<group>";
		};
		4F03FA682993A4570005A751 /* Lesson 2 */ = {
			isa = PBXGroup;
			children = (
				4F03FA692993A48D0005A751 /* AnyCancellableSinkDelay.swift */,
			);
			path = "Lesson 2";
			sourceTree = "<group>";
		};
		4F03FA6B2993A7A00005A751 /* Lesson 3 */ = {
			isa = PBXGroup;
			children = (
				4F03FA5B2992BDCD0005A751 /* Assets.xcassets */,
			);
			path = "Lesson 3";
			sourceTree = "<group>";
		};
/* End PBXGroup section */

/* Begin PBXNativeTarget section */
		4F03FA532992BDCC0005A751 /* CombineLessonsPublishers */ = {
			isa = PBXNativeTarget;
			buildConfigurationList = 4F03FA622992BDCD0005A751 /* Build configuration list for PBXNativeTarget "CombineLessonsPublishers" */;
			buildPhases = (
				4F03FA502992BDCC0005A751 /* Sources */,
				4F03FA512992BDCC0005A751 /* Frameworks */,
				4F03FA522992BDCC0005A751 /* Resources */,
			);
			buildRules = (
			);
			dependencies = (
			);
			name = CombineLessonsPublishers;
			productName = CombineLessonsPublishers;
			productReference = 4F03FA542992BDCC0005A751 /* CombineLessonsPublishers.app */;
			productType = "com.apple.product-type.application";
		};
/* End PBXNativeTarget section */

/* Begin PBXProject section */
		4F03FA4C2992BDCC0005A751 /* Project object */ = {
			isa = PBXProject;
			attributes = {
				BuildIndependentTargetsInParallel = 1;
				LastSwiftUpdateCheck = 1410;
				LastUpgradeCheck = 1410;
				TargetAttributes = {
					4F03FA532992BDCC0005A751 = {
						CreatedOnToolsVersion = 14.1;
					};
				};
			};
			buildConfigurationList = 4F03FA4F2992BDCC0005A751 /* Build configuration list for PBXProject "CombineLessonsPublishers" */;
			compatibilityVersion = "Xcode 14.0";
			developmentRegion = en;
			hasScannedForEncodings = 0;
			knownRegions = (
				en,
				Base,
			);
			mainGroup = 4F03FA4B2992BDCC0005A751;
			productRefGroup = 4F03FA552992BDCC0005A751 /* Products */;
			projectDirPath = "";
			projectRoot = "";
			targets = (
				4F03FA532992BDCC0005A751 /* CombineLessonsPublishers */,
			);
		};
/* End PBXProject section */

/* Begin PBXResourcesBuildPhase section */
		4F03FA522992BDCC0005A751 /* Resources */ = {
			isa = PBXResourcesBuildPhase;
			buildActionMask = 2147483647;
			files = (
				4F03FA5F2992BDCD0005A751 /* Preview Assets.xcassets in Resources */,
				4F03FA5C2992BDCD0005A751 /* Assets.xcassets in Resources */,
			);
			runOnlyForDeploymentPostprocessing = 0;
		};
/* End PBXResourcesBuildPhase section */

/* Begin PBXSourcesBuildPhase section */
		4F03FA502992BDCC0005A751 /* Sources */ = {
			isa = PBXSourcesBuildPhase;
			buildActionMask = 2147483647;
			files = (
				4F03FA672993A27D0005A751 /* PublishedMapAssign.swift in Sources */,
				4F03FA6A2993A48D0005A751 /* AnyCancellableSinkDelay.swift in Sources */,
				4F03FA582992BDCC0005A751 /* CombineLessonsPublishersApp.swift in Sources */,
			);
			runOnlyForDeploymentPostprocessing = 0;
		};
/* End PBXSourcesBuildPhase section */

/* Begin XCBuildConfiguration section */
		4F03FA602992BDCD0005A751 /* Debug */ = {
			isa = XCBuildConfiguration;
			buildSettings = {
				ALWAYS_SEARCH_USER_PATHS = NO;
				CLANG_ANALYZER_NONNULL = YES;
				CLANG_ANALYZER_NUMBER_OBJECT_CONVERSION = YES_AGGRESSIVE;
				CLANG_CXX_LANGUAGE_STANDARD = "gnu++20";
				CLANG_ENABLE_MODULES = YES;
				CLANG_ENABLE_OBJC_ARC = YES;
				CLANG_ENABLE_OBJC_WEAK = YES;
				CLANG_WARN_BLOCK_CAPTURE_AUTORELEASING = YES;
				CLANG_WARN_BOOL_CONVERSION = YES;
				CLANG_WARN_COMMA = YES;
				CLANG_WARN_CONSTANT_CONVERSION = YES;
				CLANG_WARN_DEPRECATED_OBJC_IMPLEMENTATIONS = YES;
				CLANG_WARN_DIRECT_OBJC_ISA_USAGE = YES_ERROR;
				CLANG_WARN_DOCUMENTATION_COMMENTS = YES;
				CLANG_WARN_EMPTY_BODY = YES;
				CLANG_WARN_ENUM_CONVERSION = YES;
				CLANG_WARN_INFINITE_RECURSION = YES;
				CLANG_WARN_INT_CONVERSION = YES;
				CLANG_WARN_NON_LITERAL_NULL_CONVERSION = YES;
				CLANG_WARN_OBJC_IMPLICIT_RETAIN_SELF = YES;
				CLANG_WARN_OBJC_LITERAL_CONVERSION = YES;
				CLANG_WARN_OBJC_ROOT_CLASS = YES_ERROR;
				CLANG_WARN_QUOTED_INCLUDE_IN_FRAMEWORK_HEADER = YES;
				CLANG_WARN_RANGE_LOOP_ANALYSIS = YES;
				CLANG_WARN_STRICT_PROTOTYPES = YES;
				CLANG_WARN_SUSPICIOUS_MOVE = YES;
				CLANG_WARN_UNGUARDED_AVAILABILITY = YES_AGGRESSIVE;
				CLANG_WARN_UNREACHABLE_CODE = YES;
				CLANG_WARN__DUPLICATE_METHOD_MATCH = YES;
				COPY_PHASE_STRIP = NO;
				DEBUG_INFORMATION_FORMAT = dwarf;
				ENABLE_STRICT_OBJC_MSGSEND = YES;
				ENABLE_TESTABILITY = YES;
				GCC_C_LANGUAGE_STANDARD = gnu11;
				GCC_DYNAMIC_NO_PIC = NO;
				GCC_NO_COMMON_BLOCKS = YES;
				GCC_OPTIMIZATION_LEVEL = 0;
				GCC_PREPROCESSOR_DEFINITIONS = (
					"DEBUG=1",
					"$(inherited)",
				);
				GCC_WARN_64_TO_32_BIT_CONVERSION = YES;
				GCC_WARN_ABOUT_RETURN_TYPE = YES_ERROR;
				GCC_WARN_UNDECLARED_SELECTOR = YES;
				GCC_WARN_UNINITIALIZED_AUTOS = YES_AGGRESSIVE;
				GCC_WARN_UNUSED_FUNCTION = YES;
				GCC_WARN_UNUSED_VARIABLE = YES;
				IPHONEOS_DEPLOYMENT_TARGET = 16.1;
				MTL_ENABLE_DEBUG_INFO = INCLUDE_SOURCE;
				MTL_FAST_MATH = YES;
				ONLY_ACTIVE_ARCH = YES;
				SDKROOT = iphoneos;
				SWIFT_ACTIVE_COMPILATION_CONDITIONS = DEBUG;
				SWIFT_OPTIMIZATION_LEVEL = "-Onone";
			};
			name = Debug;
		};
		4F03FA612992BDCD0005A751 /* Release */ = {
			isa = XCBuildConfiguration;
			buildSettings = {
				ALWAYS_SEARCH_USER_PATHS = NO;
				CLANG_ANALYZER_NONNULL = YES;
				CLANG_ANALYZER_NUMBER_OBJECT_CONVERSION = YES_AGGRESSIVE;
				CLANG_CXX_LANGUAGE_STANDARD = "gnu++20";
				CLANG_ENABLE_MODULES = YES;
				CLANG_ENABLE_OBJC_ARC = YES;
				CLANG_ENABLE_OBJC_WEAK = YES;
				CLANG_WARN_BLOCK_CAPTURE_AUTORELEASING = YES;
				CLANG_WARN_BOOL_CONVERSION = YES;
				CLANG_WARN_COMMA = YES;
				CLANG_WARN_CONSTANT_CONVERSION = YES;
				CLANG_WARN_DEPRECATED_OBJC_IMPLEMENTATIONS = YES;
				CLANG_WARN_DIRECT_OBJC_ISA_USAGE = YES_ERROR;
				CLANG_WARN_DOCUMENTATION_COMMENTS = YES;
				CLANG_WARN_EMPTY_BODY = YES;
				CLANG_WARN_ENUM_CONVERSION = YES;
				CLANG_WARN_INFINITE_RECURSION = YES;
				CLANG_WARN_INT_CONVERSION = YES;
				CLANG_WARN_NON_LITERAL_NULL_CONVERSION = YES;
				CLANG_WARN_OBJC_IMPLICIT_RETAIN_SELF = YES;
				CLANG_WARN_OBJC_LITERAL_CONVERSION = YES;
				CLANG_WARN_OBJC_ROOT_CLASS = YES_ERROR;
				CLANG_WARN_QUOTED_INCLUDE_IN_FRAMEWORK_HEADER = YES;
				CLANG_WARN_RANGE_LOOP_ANALYSIS = YES;
				CLANG_WARN_STRICT_PROTOTYPES = YES;
				CLANG_WARN_SUSPICIOUS_MOVE = YES;
				CLANG_WARN_UNGUARDED_AVAILABILITY = YES_AGGRESSIVE;
				CLANG_WARN_UNREACHABLE_CODE = YES;
				CLANG_WARN__DUPLICATE_METHOD_MATCH = YES;
				COPY_PHASE_STRIP = NO;
				DEBUG_INFORMATION_FORMAT = "dwarf-with-dsym";
				ENABLE_NS_ASSERTIONS = NO;
				ENABLE_STRICT_OBJC_MSGSEND = YES;
				GCC_C_LANGUAGE_STANDARD = gnu11;
				GCC_NO_COMMON_BLOCKS = YES;
				GCC_WARN_64_TO_32_BIT_CONVERSION = YES;
				GCC_WARN_ABOUT_RETURN_TYPE = YES_ERROR;
				GCC_WARN_UNDECLARED_SELECTOR = YES;
				GCC_WARN_UNINITIALIZED_AUTOS = YES_AGGRESSIVE;
				GCC_WARN_UNUSED_FUNCTION = YES;
				GCC_WARN_UNUSED_VARIABLE = YES;
				IPHONEOS_DEPLOYMENT_TARGET = 16.1;
				MTL_ENABLE_DEBUG_INFO = NO;
				MTL_FAST_MATH = YES;
				SDKROOT = iphoneos;
				SWIFT_COMPILATION_MODE = wholemodule;
				SWIFT_OPTIMIZATION_LEVEL = "-O";
				VALIDATE_PRODUCT = YES;
			};
			name = Release;
		};
		4F03FA632992BDCD0005A751 /* Debug */ = {
			isa = XCBuildConfiguration;
			buildSettings = {
				ASSETCATALOG_COMPILER_APPICON_NAME = AppIcon;
				ASSETCATALOG_COMPILER_GLOBAL_ACCENT_COLOR_NAME = AccentColor;
				CODE_SIGN_STYLE = Automatic;
				CURRENT_PROJECT_VERSION = 1;
				DEVELOPMENT_ASSET_PATHS = "\"CombineLessonsPublishers/Preview Content\"";
				DEVELOPMENT_TEAM = T2J52A8ZK4;
				ENABLE_PREVIEWS = YES;
				GENERATE_INFOPLIST_FILE = YES;
				INFOPLIST_KEY_UIApplicationSceneManifest_Generation = YES;
				INFOPLIST_KEY_UIApplicationSupportsIndirectInputEvents = YES;
				INFOPLIST_KEY_UILaunchScreen_Generation = YES;
				INFOPLIST_KEY_UISupportedInterfaceOrientations_iPad = "UIInterfaceOrientationPortrait UIInterfaceOrientationPortraitUpsideDown UIInterfaceOrientationLandscapeLeft UIInterfaceOrientationLandscapeRight";
				INFOPLIST_KEY_UISupportedInterfaceOrientations_iPhone = "UIInterfaceOrientationPortrait UIInterfaceOrientationLandscapeLeft UIInterfaceOrientationLandscapeRight";
				LD_RUNPATH_SEARCH_PATHS = (
					"$(inherited)",
					"@executable_path/Frameworks",
				);
				MARKETING_VERSION = 1.0;
				PRODUCT_BUNDLE_IDENTIFIER = home.CombineLessonsPublishers;
				PRODUCT_NAME = "$(TARGET_NAME)";
				SWIFT_EMIT_LOC_STRINGS = YES;
				SWIFT_VERSION = 5.0;
				TARGETED_DEVICE_FAMILY = "1,2";
			};
			name = Debug;
		};
		4F03FA642992BDCD0005A751 /* Release */ = {
			isa = XCBuildConfiguration;
			buildSettings = {
				ASSETCATALOG_COMPILER_APPICON_NAME = AppIcon;
				ASSETCATALOG_COMPILER_GLOBAL_ACCENT_COLOR_NAME = AccentColor;
				CODE_SIGN_STYLE = Automatic;
				CURRENT_PROJECT_VERSION = 1;
				DEVELOPMENT_ASSET_PATHS = "\"CombineLessonsPublishers/Preview Content\"";
				DEVELOPMENT_TEAM = T2J52A8ZK4;
				ENABLE_PREVIEWS = YES;
				GENERATE_INFOPLIST_FILE = YES;
				INFOPLIST_KEY_UIApplicationSceneManifest_Generation = YES;
				INFOPLIST_KEY_UIApplicationSupportsIndirectInputEvents = YES;
				INFOPLIST_KEY_UILaunchScreen_Generation = YES;
				INFOPLIST_KEY_UISupportedInterfaceOrientations_iPad = "UIInterfaceOrientationPortrait UIInterfaceOrientationPortraitUpsideDown UIInterfaceOrientationLandscapeLeft UIInterfaceOrientationLandscapeRight";
				INFOPLIST_KEY_UISupportedInterfaceOrientations_iPhone = "UIInterfaceOrientationPortrait UIInterfaceOrientationLandscapeLeft UIInterfaceOrientationLandscapeRight";
				LD_RUNPATH_SEARCH_PATHS = (
					"$(inherited)",
					"@executable_path/Frameworks",
				);
				MARKETING_VERSION = 1.0;
				PRODUCT_BUNDLE_IDENTIFIER = home.CombineLessonsPublishers;
				PRODUCT_NAME = "$(TARGET_NAME)";
				SWIFT_EMIT_LOC_STRINGS = YES;
				SWIFT_VERSION = 5.0;
				TARGETED_DEVICE_FAMILY = "1,2";
			};
			name = Release;
		};
/* End XCBuildConfiguration section */

/* Begin XCConfigurationList section */
		4F03FA4F2992BDCC0005A751 /* Build configuration list for PBXProject "CombineLessonsPublishers" */ = {
			isa = XCConfigurationList;
			buildConfigurations = (
				4F03FA602992BDCD0005A751 /* Debug */,
				4F03FA612992BDCD0005A751 /* Release */,
			);
			defaultConfigurationIsVisible = 0;
			defaultConfigurationName = Release;
		};
		4F03FA622992BDCD0005A751 /* Build configuration list for PBXNativeTarget "CombineLessonsPublishers" */ = {
			isa = XCConfigurationList;
			buildConfigurations = (
				4F03FA632992BDCD0005A751 /* Debug */,
				4F03FA642992BDCD0005A751 /* Release */,
			);
			defaultConfigurationIsVisible = 0;
			defaultConfigurationName = Release;
		};
/* End XCConfigurationList section */
	};
	rootObject = 4F03FA4C2992BDCC0005A751 /* Project object */;
}
